<?xml version="1.0" encoding="utf-8"?>
<Project ToolsVersion="4.0" xmlns="http://schemas.microsoft.com/developer/msbuild/2003">
  <ItemGroup>
    <Filter Include="SocketAbout">
      <UniqueIdentifier>{7b887abc-344a-4bfb-af0e-3b5106df799d}</UniqueIdentifier>
    </Filter>
    <Filter Include="AppAbout">
      <UniqueIdentifier>{4FC737F1-C7A5-4376-A066-2A32D752A2FF}</UniqueIdentifier>
      <Extensions>cpp;c;cc;cxx;c++;cppm;ixx;def;odl;idl;hpj;bat;asm;asmx</Extensions>
    </Filter>
    <Filter Include="Misc">
      <UniqueIdentifier>{c5e8d640-256b-409e-bd9c-6d90bf40bb3d}</UniqueIdentifier>
    </Filter>
  </ItemGroup>
  <ItemGroup>
    <ClCompile Include="Main.cpp">
      <Filter>AppAbout</Filter>
    </ClCompile>
    <ClCompile Include="SocketAddress.cpp">
      <Filter>SocketAbout</Filter>
    </ClCompile>
    <ClCompile Include="SocketUtils.cpp">
      <Filter>SocketAbout</Filter>
    </ClCompile>
    <ClCompile Include="TcpSocket.cpp">
      <Filter>SocketAbout</Filter>
    </ClCompile>
    <ClCompile Include="UdpSocket.cpp">
      <Filter>SocketAbout</Filter>
    </ClCompile>
    <ClCompile Include="ChatApp.cpp">
      <Filter>AppAbout</Filter>
    </ClCompile>
  </ItemGroup>
  <ItemGroup>
    <ClInclude Include="BasicDef.h">
      <Filter>SocketAbout</Filter>
    </ClInclude>
    <ClInclude Include="LogUtils.h">
      <Filter>SocketAbout</Filter>
    </ClInclude>
    <ClInclude Include="SocketAddress.h">
      <Filter>SocketAbout</Filter>
    </ClInclude>
    <ClInclude Include="SocketUtils.h">
      <Filter>SocketAbout</Filter>
    </ClInclude>
    <ClInclude Include="TcpSocket.h">
      <Filter>SocketAbout</Filter>
    </ClInclude>
    <ClInclude Include="UdpSocket.h">
      <Filter>SocketAbout</Filter>
    </ClInclude>
    <ClInclude Include="AppBasicDef.h">
      <Filter>AppAbout</Filter>
    </ClInclude>
    <ClInclude Include="ChatApp.h">
      <Filter>AppAbout</Filter>
    </ClInclude>
  </ItemGroup>
  <ItemGroup>
    <None Include="cpp.hint">
      <Filter>Misc</Filter>
    </None>
  </ItemGroup>
</Project>